
Microsoft Visual Studio Solution File, Format Version 12.00
# Visual Studio 2012
Project("{FAE04EC0-301F-11D3-BF4B-00C04F79EFBC}") = "Mahba", "Mahba\Mahba.csproj", "{7FDE6F18-9CA3-46B9-9D78-A561990B5D09}"
	ProjectSection(ProjectDependencies) = postProject
		{F2DC4D00-20F7-40EE-A9E5-6188FF25DEF5} = {F2DC4D00-20F7-40EE-A9E5-6188FF25DEF5}
		{A1EB330D-2886-4071-97CA-F85B5E3B7DEE} = {A1EB330D-2886-4071-97CA-F85B5E3B7DEE}
		{7D9B7610-09BE-4198-A6BD-D8E1138833A4} = {7D9B7610-09BE-4198-A6BD-D8E1138833A4}
		{F534E218-0D06-45AF-9446-CA42B94ADD3F} = {F534E218-0D06-45AF-9446-CA42B94ADD3F}
		{74C8BE26-E213-4786-B8AC-82129E79589D} = {74C8BE26-E213-4786-B8AC-82129E79589D}
		{419BEE41-0065-4403-BBF2-3E06FC6B96CD} = {419BEE41-0065-4403-BBF2-3E06FC6B96CD}
		{7DCFA06C-37F5-48E6-800F-684E505C04E7} = {7DCFA06C-37F5-48E6-800F-684E505C04E7}
		{A71E757E-1948-4C11-AB44-38E99B240027} = {A71E757E-1948-4C11-AB44-38E99B240027}
		{0C295FB8-C6C6-4A40-9F19-05A43F353A04} = {0C295FB8-C6C6-4A40-9F19-05A43F353A04}
		{C05312C2-B35A-45A0-A96E-7F66D4321F6D} = {C05312C2-B35A-45A0-A96E-7F66D4321F6D}
		{5CDF35D9-14BB-4154-B498-1BF8C61528F9} = {5CDF35D9-14BB-4154-B498-1BF8C61528F9}
		{68D11DDD-0081-4037-99D4-69B3AFCBDD8D} = {68D11DDD-0081-4037-99D4-69B3AFCBDD8D}
		{2F2013E1-BFDE-4D45-9C98-5597765520C9} = {2F2013E1-BFDE-4D45-9C98-5597765520C9}
		{65B236ED-8AF9-42AB-B7BF-42C22BD387C7} = {65B236ED-8AF9-42AB-B7BF-42C22BD387C7}
	EndProjectSection
EndProject
Project("{2150E333-8FDC-42A3-9474-1A3956D46DE8}") = "Njit", "Njit", "{8EAF0896-3B87-42BB-8462-224FB25C3FEC}"
EndProject
Project("{FAE04EC0-301F-11D3-BF4B-00C04F79EFBC}") = "Njit.Program", "Njit\Njit.Program\Njit.Program.csproj", "{F2DC4D00-20F7-40EE-A9E5-6188FF25DEF5}"
EndProject
Project("{F184B08F-C81C-45F6-A57F-5ABD9991F28F}") = "Njit.MessageBox", "Njit\Njit.MessageBox\Njit.MessageBox.vbproj", "{65B236ED-8AF9-42AB-B7BF-42C22BD387C7}"
EndProject
Project("{FAE04EC0-301F-11D3-BF4B-00C04F79EFBC}") = "Njit.Common", "Njit\Njit.Common\Njit.Common.csproj", "{7DCFA06C-37F5-48E6-800F-684E505C04E7}"
EndProject
Project("{FAE04EC0-301F-11D3-BF4B-00C04F79EFBC}") = "Njit.Sql", "Njit\Njit.Sql\Njit.Sql.csproj", "{C05312C2-B35A-45A0-A96E-7F66D4321F6D}"
EndProject
Project("{FAE04EC0-301F-11D3-BF4B-00C04F79EFBC}") = "KaupischITC.ScanWIA", "Njit\KaupischITC.ScanWIA\KaupischITC.ScanWIA.csproj", "{2F2013E1-BFDE-4D45-9C98-5597765520C9}"
EndProject
Project("{FAE04EC0-301F-11D3-BF4B-00C04F79EFBC}") = "Njit.ImageListView", "Njit\Njit.ImageListView\Njit.ImageListView.csproj", "{0C295FB8-C6C6-4A40-9F19-05A43F353A04}"
EndProject
Project("{FAE04EC0-301F-11D3-BF4B-00C04F79EFBC}") = "Njit.Program.C1", "Njit\Njit.Program.C1\Njit.Program.C1.csproj", "{A1EB330D-2886-4071-97CA-F85B5E3B7DEE}"
EndProject
Project("{FAE04EC0-301F-11D3-BF4B-00C04F79EFBC}") = "Njit.Pdf", "Njit\Njit.Pdf\Njit.Pdf.csproj", "{F534E218-0D06-45AF-9446-CA42B94ADD3F}"
EndProject
Project("{FAE04EC0-301F-11D3-BF4B-00C04F79EFBC}") = "Njit.ImageView", "Njit\Njit.ImageView\Njit.ImageView\Njit.ImageView.csproj", "{A71E757E-1948-4C11-AB44-38E99B240027}"
EndProject
Project("{FAE04EC0-301F-11D3-BF4B-00C04F79EFBC}") = "Njit.TaskScheduler", "Njit\Njit.TaskScheduler\Njit.TaskScheduler.csproj", "{419BEE41-0065-4403-BBF2-3E06FC6B96CD}"
EndProject
Project("{FAE04EC0-301F-11D3-BF4B-00C04F79EFBC}") = "Njit.Program.Elegant", "Njit\Njit.Program.Elegant\Njit.Program.Elegant.csproj", "{7D9B7610-09BE-4198-A6BD-D8E1138833A4}"
EndProject
Project("{FAE04EC0-301F-11D3-BF4B-00C04F79EFBC}") = "Njit.Program.FastReportExtensions", "Njit\Njit.Program.FastReport\Njit.Program.FastReportExtensions.csproj", "{5CDF35D9-14BB-4154-B498-1BF8C61528F9}"
EndProject
Project("{FAE04EC0-301F-11D3-BF4B-00C04F79EFBC}") = "KP-ImageViewerV2", "Njit\ImageView\KP-ImageViewerV2.csproj", "{68D11DDD-0081-4037-99D4-69B3AFCBDD8D}"
EndProject
Project("{FAE04EC0-301F-11D3-BF4B-00C04F79EFBC}") = "Njit.Program.Telerik", "Njit\Njit.Program.Telerik\Njit.Program.Telerik.csproj", "{74C8BE26-E213-4786-B8AC-82129E79589D}"
EndProject
Global
	GlobalSection(SolutionConfigurationPlatforms) = preSolution
		Debug|Any CPU = Debug|Any CPU
		Release|Any CPU = Release|Any CPU
	EndGlobalSection
	GlobalSection(ProjectConfigurationPlatforms) = postSolution
		{7FDE6F18-9CA3-46B9-9D78-A561990B5D09}.Debug|Any CPU.ActiveCfg = Debug|Any CPU
		{7FDE6F18-9CA3-46B9-9D78-A561990B5D09}.Debug|Any CPU.Build.0 = Debug|Any CPU
		{7FDE6F18-9CA3-46B9-9D78-A561990B5D09}.Release|Any CPU.ActiveCfg = Release|Any CPU
		{7FDE6F18-9CA3-46B9-9D78-A561990B5D09}.Release|Any CPU.Build.0 = Release|Any CPU
		{F2DC4D00-20F7-40EE-A9E5-6188FF25DEF5}.Debug|Any CPU.ActiveCfg = Debug|Any CPU
		{F2DC4D00-20F7-40EE-A9E5-6188FF25DEF5}.Debug|Any CPU.Build.0 = Debug|Any CPU
		{F2DC4D00-20F7-40EE-A9E5-6188FF25DEF5}.Release|Any CPU.ActiveCfg = Release|Any CPU
		{F2DC4D00-20F7-40EE-A9E5-6188FF25DEF5}.Release|Any CPU.Build.0 = Release|Any CPU
		{65B236ED-8AF9-42AB-B7BF-42C22BD387C7}.Debug|Any CPU.ActiveCfg = Debug|Any CPU
		{65B236ED-8AF9-42AB-B7BF-42C22BD387C7}.Debug|Any CPU.Build.0 = Debug|Any CPU
		{65B236ED-8AF9-42AB-B7BF-42C22BD387C7}.Release|Any CPU.ActiveCfg = Release|Any CPU
		{65B236ED-8AF9-42AB-B7BF-42C22BD387C7}.Release|Any CPU.Build.0 = Release|Any CPU
		{7DCFA06C-37F5-48E6-800F-684E505C04E7}.Debug|Any CPU.ActiveCfg = Debug|Any CPU
		{7DCFA06C-37F5-48E6-800F-684E505C04E7}.Debug|Any CPU.Build.0 = Debug|Any CPU
		{7DCFA06C-37F5-48E6-800F-684E505C04E7}.Release|Any CPU.ActiveCfg = Release|Any CPU
		{7DCFA06C-37F5-48E6-800F-684E505C04E7}.Release|Any CPU.Build.0 = Release|Any CPU
		{C05312C2-B35A-45A0-A96E-7F66D4321F6D}.Debug|Any CPU.ActiveCfg = Debug|Any CPU
		{C05312C2-B35A-45A0-A96E-7F66D4321F6D}.Debug|Any CPU.Build.0 = Debug|Any CPU
		{C05312C2-B35A-45A0-A96E-7F66D4321F6D}.Release|Any CPU.ActiveCfg = Release|Any CPU
		{C05312C2-B35A-45A0-A96E-7F66D4321F6D}.Release|Any CPU.Build.0 = Release|Any CPU
		{2F2013E1-BFDE-4D45-9C98-5597765520C9}.Debug|Any CPU.ActiveCfg = Debug|Any CPU
		{2F2013E1-BFDE-4D45-9C98-5597765520C9}.Debug|Any CPU.Build.0 = Debug|Any CPU
		{2F2013E1-BFDE-4D45-9C98-5597765520C9}.Release|Any CPU.ActiveCfg = Release|Any CPU
		{2F2013E1-BFDE-4D45-9C98-5597765520C9}.Release|Any CPU.Build.0 = Release|Any CPU
		{0C295FB8-C6C6-4A40-9F19-05A43F353A04}.Debug|Any CPU.ActiveCfg = Debug|Any CPU
		{0C295FB8-C6C6-4A40-9F19-05A43F353A04}.Debug|Any CPU.Build.0 = Debug|Any CPU
		{0C295FB8-C6C6-4A40-9F19-05A43F353A04}.Release|Any CPU.ActiveCfg = Release|Any CPU
		{0C295FB8-C6C6-4A40-9F19-05A43F353A04}.Release|Any CPU.Build.0 = Release|Any CPU
		{A1EB330D-2886-4071-97CA-F85B5E3B7DEE}.Debug|Any CPU.ActiveCfg = Debug|Any CPU
		{A1EB330D-2886-4071-97CA-F85B5E3B7DEE}.Debug|Any CPU.Build.0 = Debug|Any CPU
		{A1EB330D-2886-4071-97CA-F85B5E3B7DEE}.Release|Any CPU.ActiveCfg = Release|Any CPU
		{A1EB330D-2886-4071-97CA-F85B5E3B7DEE}.Release|Any CPU.Build.0 = Release|Any CPU
		{F534E218-0D06-45AF-9446-CA42B94ADD3F}.Debug|Any CPU.ActiveCfg = Debug|Any CPU
		{F534E218-0D06-45AF-9446-CA42B94ADD3F}.Debug|Any CPU.Build.0 = Debug|Any CPU
		{F534E218-0D06-45AF-9446-CA42B94ADD3F}.Release|Any CPU.ActiveCfg = Release|Any CPU
		{F534E218-0D06-45AF-9446-CA42B94ADD3F}.Release|Any CPU.Build.0 = Release|Any CPU
		{A71E757E-1948-4C11-AB44-38E99B240027}.Debug|Any CPU.ActiveCfg = Debug|Any CPU
		{A71E757E-1948-4C11-AB44-38E99B240027}.Debug|Any CPU.Build.0 = Debug|Any CPU
		{A71E757E-1948-4C11-AB44-38E99B240027}.Release|Any CPU.ActiveCfg = Release|Any CPU
		{A71E757E-1948-4C11-AB44-38E99B240027}.Release|Any CPU.Build.0 = Release|Any CPU
		{419BEE41-0065-4403-BBF2-3E06FC6B96CD}.Debug|Any CPU.ActiveCfg = Debug|Any CPU
		{419BEE41-0065-4403-BBF2-3E06FC6B96CD}.Debug|Any CPU.Build.0 = Debug|Any CPU
		{419BEE41-0065-4403-BBF2-3E06FC6B96CD}.Release|Any CPU.ActiveCfg = Release|Any CPU
		{419BEE41-0065-4403-BBF2-3E06FC6B96CD}.Release|Any CPU.Build.0 = Release|Any CPU
		{7D9B7610-09BE-4198-A6BD-D8E1138833A4}.Debug|Any CPU.ActiveCfg = Debug|Any CPU
		{7D9B7610-09BE-4198-A6BD-D8E1138833A4}.Debug|Any CPU.Build.0 = Debug|Any CPU
		{7D9B7610-09BE-4198-A6BD-D8E1138833A4}.Release|Any CPU.ActiveCfg = Release|Any CPU
		{7D9B7610-09BE-4198-A6BD-D8E1138833A4}.Release|Any CPU.Build.0 = Release|Any CPU
		{5CDF35D9-14BB-4154-B498-1BF8C61528F9}.Debug|Any CPU.ActiveCfg = Debug|Any CPU
		{5CDF35D9-14BB-4154-B498-1BF8C61528F9}.Debug|Any CPU.Build.0 = Debug|Any CPU
		{5CDF35D9-14BB-4154-B498-1BF8C61528F9}.Release|Any CPU.ActiveCfg = Release|Any CPU
		{5CDF35D9-14BB-4154-B498-1BF8C61528F9}.Release|Any CPU.Build.0 = Release|Any CPU
		{68D11DDD-0081-4037-99D4-69B3AFCBDD8D}.Debug|Any CPU.ActiveCfg = Debug|Any CPU
		{68D11DDD-0081-4037-99D4-69B3AFCBDD8D}.Debug|Any CPU.Build.0 = Debug|Any CPU
		{68D11DDD-0081-4037-99D4-69B3AFCBDD8D}.Release|Any CPU.ActiveCfg = Release|Any CPU
		{68D11DDD-0081-4037-99D4-69B3AFCBDD8D}.Release|Any CPU.Build.0 = Release|Any CPU
		{74C8BE26-E213-4786-B8AC-82129E79589D}.Debug|Any CPU.ActiveCfg = Debug|Any CPU
		{74C8BE26-E213-4786-B8AC-82129E79589D}.Debug|Any CPU.Build.0 = Debug|Any CPU
		{74C8BE26-E213-4786-B8AC-82129E79589D}.Release|Any CPU.ActiveCfg = Release|Any CPU
		{74C8BE26-E213-4786-B8AC-82129E79589D}.Release|Any CPU.Build.0 = Release|Any CPU
	EndGlobalSection
	GlobalSection(SolutionProperties) = preSolution
		HideSolutionNode = FALSE
	EndGlobalSection
	GlobalSection(NestedProjects) = preSolution
		{F2DC4D00-20F7-40EE-A9E5-6188FF25DEF5} = {8EAF0896-3B87-42BB-8462-224FB25C3FEC}
		{65B236ED-8AF9-42AB-B7BF-42C22BD387C7} = {8EAF0896-3B87-42BB-8462-224FB25C3FEC}
		{7DCFA06C-37F5-48E6-800F-684E505C04E7} = {8EAF0896-3B87-42BB-8462-224FB25C3FEC}
		{C05312C2-B35A-45A0-A96E-7F66D4321F6D} = {8EAF0896-3B87-42BB-8462-224FB25C3FEC}
		{2F2013E1-BFDE-4D45-9C98-5597765520C9} = {8EAF0896-3B87-42BB-8462-224FB25C3FEC}
		{0C295FB8-C6C6-4A40-9F19-05A43F353A04} = {8EAF0896-3B87-42BB-8462-224FB25C3FEC}
		{A1EB330D-2886-4071-97CA-F85B5E3B7DEE} = {8EAF0896-3B87-42BB-8462-224FB25C3FEC}
		{F534E218-0D06-45AF-9446-CA42B94ADD3F} = {8EAF0896-3B87-42BB-8462-224FB25C3FEC}
		{A71E757E-1948-4C11-AB44-38E99B240027} = {8EAF0896-3B87-42BB-8462-224FB25C3FEC}
		{419BEE41-0065-4403-BBF2-3E06FC6B96CD} = {8EAF0896-3B87-42BB-8462-224FB25C3FEC}
		{7D9B7610-09BE-4198-A6BD-D8E1138833A4} = {8EAF0896-3B87-42BB-8462-224FB25C3FEC}
		{5CDF35D9-14BB-4154-B498-1BF8C61528F9} = {8EAF0896-3B87-42BB-8462-224FB25C3FEC}
		{68D11DDD-0081-4037-99D4-69B3AFCBDD8D} = {8EAF0896-3B87-42BB-8462-224FB25C3FEC}
		{74C8BE26-E213-4786-B8AC-82129E79589D} = {8EAF0896-3B87-42BB-8462-224FB25C3FEC}
	EndGlobalSection
EndGlobal
